
Microsoft Visual Studio Solution File, Format Version 12.00
# Visual Studio Version 16
VisualStudioVersion = 16.0.30621.155
MinimumVisualStudioVersion = 10.0.40219.1
Project("{FAE04EC0-301F-11D3-BF4B-00C04F79EFBC}") = "BikeShop", "BikeShop.csproj", "{FBCF9BEA-AF53-462C-85EC-278A838506BA}"
EndProject
Global
	GlobalSection(SolutionConfigurationPlatforms) = preSolution
		Debug|Any CPU = Debug|Any CPU
		Release|Any CPU = Release|Any CPU
	EndGlobalSection
	GlobalSection(ProjectConfigurationPlatforms) = postSolution
		{FBCF9BEA-AF53-462C-85EC-278A838506BA}.Debug|Any CPU.ActiveCfg = Debug|Any CPU
		{FBCF9BEA-AF53-462C-85EC-278A838506BA}.Debug|Any CPU.Build.0 = Debug|Any CPU
		{FBCF9BEA-AF53-462C-85EC-278A838506BA}.Release|Any CPU.ActiveCfg = Release|Any CPU
		{FBCF9BEA-AF53-462C-85EC-278A838506BA}.Release|Any CPU.Build.0 = Release|Any CPU
	EndGlobalSection
	GlobalSection(SolutionProperties) = preSolution
		HideSolutionNode = FALSE
	EndGlobalSection
	GlobalSection(ExtensibilityGlobals) = postSolution
		SolutionGuid = {CC0DFFA0-FBA8-492D-B7F0-D86D020C7B60}
	EndGlobalSection
EndGlobal
